
Microsoft Visual Studio Solution File, Format Version 12.00
# Visual Studio Version 16
VisualStudioVersion = 16.0.29920.165
MinimumVisualStudioVersion = 10.0.40219.1
Project("{9A19103F-16F7-4668-BE54-9A1E7A4F7556}") = "MyoS", "MyoS\MyoS.csproj", "{7EB9DA70-E71F-489B-9FE2-E79B6141070F}"
EndProject
Project("{2150E333-8FDC-42A3-9474-1A3956D46DE8}") = "Solution Items", "Solution Items", "{5E3B4E02-85D0-49C3-817A-D0673DD3D65F}"
	ProjectSection(SolutionItems) = preProject
		.editorconfig = .editorconfig
	EndProjectSection
EndProject
Global
	GlobalSection(SolutionConfigurationPlatforms) = preSolution
		Debug|Any CPU = Debug|Any CPU
		Debug|x64 = Debug|x64
		Debug|x86 = Debug|x86
		Release|Any CPU = Release|Any CPU
		Release|x64 = Release|x64
		Release|x86 = Release|x86
	EndGlobalSection
	GlobalSection(ProjectConfigurationPlatforms) = postSolution
		{7EB9DA70-E71F-489B-9FE2-E79B6141070F}.Debug|Any CPU.ActiveCfg = Debug|Any CPU
		{7EB9DA70-E71F-489B-9FE2-E79B6141070F}.Debug|Any CPU.Build.0 = Debug|Any CPU
		{7EB9DA70-E71F-489B-9FE2-E79B6141070F}.Debug|x64.ActiveCfg = Debug|x64
		{7EB9DA70-E71F-489B-9FE2-E79B6141070F}.Debug|x64.Build.0 = Debug|x64
		{7EB9DA70-E71F-489B-9FE2-E79B6141070F}.Debug|x86.ActiveCfg = Debug|x86
		{7EB9DA70-E71F-489B-9FE2-E79B6141070F}.Debug|x86.Build.0 = Debug|x86
		{7EB9DA70-E71F-489B-9FE2-E79B6141070F}.Release|Any CPU.ActiveCfg = Release|Any CPU
		{7EB9DA70-E71F-489B-9FE2-E79B6141070F}.Release|Any CPU.Build.0 = Release|Any CPU
		{7EB9DA70-E71F-489B-9FE2-E79B6141070F}.Release|x64.ActiveCfg = Release|x64
		{7EB9DA70-E71F-489B-9FE2-E79B6141070F}.Release|x64.Build.0 = Release|x64
		{7EB9DA70-E71F-489B-9FE2-E79B6141070F}.Release|x86.ActiveCfg = Release|x86
		{7EB9DA70-E71F-489B-9FE2-E79B6141070F}.Release|x86.Build.0 = Release|x86
	EndGlobalSection
	GlobalSection(SolutionProperties) = preSolution
		HideSolutionNode = FALSE
	EndGlobalSection
	GlobalSection(ExtensibilityGlobals) = postSolution
		SolutionGuid = {F267701D-FCC9-40D7-B9DB-D04CC70318FA}
	EndGlobalSection
EndGlobal
